{
    "hash": "a0a92d7d6f9f644e0cac3808163cd0fd",
    "packages": [
        {
            "name": "alexmace/xmpp",
            "version": "1.0.3",
            "source": {
                "type": "git",
                "url": "git://github.com/alexmace/Xmpp.git",
                "reference": "1.0.3"
            },
            "dist": {
                "type": "zip",
                "url": "https://github.com/alexmace/Xmpp/zipball/1.0.3",
                "reference": "1.0.3",
                "shasum": ""
            },
            "require": {
                "php": ">=5.2",
                "zendframework/zendframework1": ">=1.12.0"
            },
            "time": "2012-10-17 14:04:46",
            "type": "library",
            "installation-source": "dist",
            "autoload": {
                "classmap": [
                    "./"
                ]
            },
            "license": [
                "PHP-3.0"
            ],
            "authors": [
                {
                    "name": "Alex Mace",
                    "email": "a@m.me.uk",
                    "homepage": "http://m.me.uk",
                    "role": "Developer"
                }
            ],
            "description": "A client library for talking to XMPP servers.",
            "homepage": "http://m.me.uk/xmpp/",
            "keywords": [
                "xmpp",
                "jabber",
                "im"
            ]
        },
        {
            "name": "zendframework/zendframework1",
            "version": "1.12.0",
            "source": {
                "type": "svn",
                "url": "http://framework.zend.com/svn/framework/standard",
                "reference": "/tags/release-1.12.0/@25051"
            },
            "require": {
                "php": ">=5.2.4"
            },
            "time": "2012-08-27 17:35:21",
            "type": "library",
            "extra": {
                "branch-alias": {
                    "dev-trunk": "1.12.x-dev",
                    "dev-release-1.0": "1.0.x-dev",
                    "dev-release-1.5": "1.5.x-dev",
                    "dev-release-1.6": "1.6.x-dev",
                    "dev-release-1.7": "1.7.x-dev",
                    "dev-release-1.8": "1.8.x-dev",
                    "dev-release-1.9": "1.9.x-dev",
                    "dev-release-1.10": "1.10.x-dev",
                    "dev-release-1.11": "1.11.x-dev"
                }
            },
            "installation-source": "source",
            "autoload": {
                "psr-0": {
                    "Zend": "library/"
                }
            },
            "include-path": [
                "library/"
            ],
            "license": [
                "BSD-3-Clause"
            ],
            "description": "Zend Framework 1",
            "homepage": "http://framework.zend.com/",
            "keywords": [
                "framework",
                "ZF1"
            ]
        }
    ],
    "packages-dev": null,
    "aliases": [

    ],
    "minimum-stability": "stable",
    "stability-flags": [

    ]
}
